
Microsoft Visual Studio Solution File, Format Version 12.00
# Visual Studio Version 16
VisualStudioVersion = 16.0.30717.126
MinimumVisualStudioVersion = 10.0.40219.1
Project("{FAE04EC0-301F-11D3-BF4B-00C04F79EFBC}") = "ComputerVision1", "ComputerVision1\ComputerVision1.csproj", "{035B3DD1-BE00-4974-B9B6-744AA78D0221}"
EndProject
Global
	GlobalSection(SolutionConfigurationPlatforms) = preSolution
		Debug|Any CPU = Debug|Any CPU
		Release|Any CPU = Release|Any CPU
	EndGlobalSection
	GlobalSection(ProjectConfigurationPlatforms) = postSolution
		{035B3DD1-BE00-4974-B9B6-744AA78D0221}.Debug|Any CPU.ActiveCfg = Debug|Any CPU
		{035B3DD1-BE00-4974-B9B6-744AA78D0221}.Debug|Any CPU.Build.0 = Debug|Any CPU
		{035B3DD1-BE00-4974-B9B6-744AA78D0221}.Release|Any CPU.ActiveCfg = Release|Any CPU
		{035B3DD1-BE00-4974-B9B6-744AA78D0221}.Release|Any CPU.Build.0 = Release|Any CPU
	EndGlobalSection
	GlobalSection(SolutionProperties) = preSolution
		HideSolutionNode = FALSE
	EndGlobalSection
	GlobalSection(ExtensibilityGlobals) = postSolution
		SolutionGuid = {D82EBE48-2C41-49B4-9A65-D61FDE9A0786}
	EndGlobalSection
EndGlobal
